{
  "requires": true,
  "lockfileVersion": 1,
  "dependencies": {
    "classnames": {
      "version": "2.2.6",
      "resolved": "https://registry.npmjs.org/classnames/-/classnames-2.2.6.tgz",
      "integrity": "sha512-JR/iSQOSt+LQIWwrwEzJ9uk0xfN3mTVYMwt1Ir5mUcSN6pU+V4zQFFaJsclJbPuAUQH+yfWef6tm7l1quW3C8Q=="
    },
    "materialize-css": {
      "version": "1.0.0-rc.2",
      "resolved": "https://registry.npmjs.org/materialize-css/-/materialize-css-1.0.0-rc.2.tgz",
      "integrity": "sha512-FuQmSyq4Qv0ov7A2qXw0E6/jbQzSWx2P1pg2/XQDYTkkSc/GyiFAxu3fw9zgShwuTvyumEiw5jkxQWT9siqMBQ=="
    },
    "react-materialize": {
      "version": "3.9.3",
      "resolved": "https://registry.npmjs.org/react-materialize/-/react-materialize-3.9.3.tgz",
      "integrity": "sha512-Xyr1us1eXJQDp1UTs9CCIn/YoXPp1P8BA1oc17sUWQtXlAJg5/H20s185QXT4fCWFBwDAbnSQnIwGLkMb/lsRQ==",
      "requires": {
        "classnames": "^2.2.6"
      }
    }
  }
}
